
Microsoft Visual Studio Solution File, Format Version 12.00
# Visual Studio 15
VisualStudioVersion = 15.0.28010.2046
MinimumVisualStudioVersion = 10.0.40219.1
Project("{FAE04EC0-301F-11D3-BF4B-00C04F79EFBC}") = "CapaConexion", "CapaConexion\CapaConexion.csproj", "{6342FF5D-0AB4-47EA-9951-64B1D0BBB20A}"
EndProject
Project("{FAE04EC0-301F-11D3-BF4B-00C04F79EFBC}") = "CapaLogica", "CapaLogica\CapaLogica.csproj", "{802AB3BA-391D-4236-88FE-8A0F315D910E}"
	ProjectSection(ProjectDependencies) = postProject
		{6342FF5D-0AB4-47EA-9951-64B1D0BBB20A} = {6342FF5D-0AB4-47EA-9951-64B1D0BBB20A}
	EndProjectSection
EndProject
Project("{FAE04EC0-301F-11D3-BF4B-00C04F79EFBC}") = "CapaIntegracion", "CapaIntegracion\CapaIntegracion.csproj", "{3081E4B2-F240-4090-A477-FED66B02233F}"
	ProjectSection(ProjectDependencies) = postProject
		{802AB3BA-391D-4236-88FE-8A0F315D910E} = {802AB3BA-391D-4236-88FE-8A0F315D910E}
	EndProjectSection
EndProject
Project("{FAE04EC0-301F-11D3-BF4B-00C04F79EFBC}") = "CapaPresentacion", "CapaPresentacion\CapaPresentacion.csproj", "{648BCFEA-631C-438B-A105-91D8AC001A13}"
	ProjectSection(ProjectDependencies) = postProject
		{3081E4B2-F240-4090-A477-FED66B02233F} = {3081E4B2-F240-4090-A477-FED66B02233F}
	EndProjectSection
EndProject
Project("{FAE04EC0-301F-11D3-BF4B-00C04F79EFBC}") = "MatriWeb", "MatriWeb\MatriWeb.csproj", "{C2E6FE4B-B0FF-4AC3-8A62-9FD84237FC3A}"
EndProject
Project("{54435603-DBB4-11D2-8724-00A0C9A8B90C}") = "SMatri", "SMatri\SMatri.vdproj", "{82F3570A-F1C8-4E94-87A9-0C76FA6FB621}"
EndProject
Global
	GlobalSection(SolutionConfigurationPlatforms) = preSolution
		Debug|Any CPU = Debug|Any CPU
		Release|Any CPU = Release|Any CPU
	EndGlobalSection
	GlobalSection(ProjectConfigurationPlatforms) = postSolution
		{6342FF5D-0AB4-47EA-9951-64B1D0BBB20A}.Debug|Any CPU.ActiveCfg = Debug|Any CPU
		{6342FF5D-0AB4-47EA-9951-64B1D0BBB20A}.Debug|Any CPU.Build.0 = Debug|Any CPU
		{6342FF5D-0AB4-47EA-9951-64B1D0BBB20A}.Release|Any CPU.ActiveCfg = Release|Any CPU
		{6342FF5D-0AB4-47EA-9951-64B1D0BBB20A}.Release|Any CPU.Build.0 = Release|Any CPU
		{802AB3BA-391D-4236-88FE-8A0F315D910E}.Debug|Any CPU.ActiveCfg = Debug|Any CPU
		{802AB3BA-391D-4236-88FE-8A0F315D910E}.Debug|Any CPU.Build.0 = Debug|Any CPU
		{802AB3BA-391D-4236-88FE-8A0F315D910E}.Release|Any CPU.ActiveCfg = Release|Any CPU
		{802AB3BA-391D-4236-88FE-8A0F315D910E}.Release|Any CPU.Build.0 = Release|Any CPU
		{3081E4B2-F240-4090-A477-FED66B02233F}.Debug|Any CPU.ActiveCfg = Debug|Any CPU
		{3081E4B2-F240-4090-A477-FED66B02233F}.Debug|Any CPU.Build.0 = Debug|Any CPU
		{3081E4B2-F240-4090-A477-FED66B02233F}.Release|Any CPU.ActiveCfg = Release|Any CPU
		{3081E4B2-F240-4090-A477-FED66B02233F}.Release|Any CPU.Build.0 = Release|Any CPU
		{648BCFEA-631C-438B-A105-91D8AC001A13}.Debug|Any CPU.ActiveCfg = Debug|Any CPU
		{648BCFEA-631C-438B-A105-91D8AC001A13}.Debug|Any CPU.Build.0 = Debug|Any CPU
		{648BCFEA-631C-438B-A105-91D8AC001A13}.Release|Any CPU.ActiveCfg = Release|Any CPU
		{648BCFEA-631C-438B-A105-91D8AC001A13}.Release|Any CPU.Build.0 = Release|Any CPU
		{C2E6FE4B-B0FF-4AC3-8A62-9FD84237FC3A}.Debug|Any CPU.ActiveCfg = Debug|Any CPU
		{C2E6FE4B-B0FF-4AC3-8A62-9FD84237FC3A}.Debug|Any CPU.Build.0 = Debug|Any CPU
		{C2E6FE4B-B0FF-4AC3-8A62-9FD84237FC3A}.Release|Any CPU.ActiveCfg = Release|Any CPU
		{C2E6FE4B-B0FF-4AC3-8A62-9FD84237FC3A}.Release|Any CPU.Build.0 = Release|Any CPU
		{82F3570A-F1C8-4E94-87A9-0C76FA6FB621}.Debug|Any CPU.ActiveCfg = Debug
		{82F3570A-F1C8-4E94-87A9-0C76FA6FB621}.Release|Any CPU.ActiveCfg = Release
	EndGlobalSection
	GlobalSection(SolutionProperties) = preSolution
		HideSolutionNode = FALSE
	EndGlobalSection
	GlobalSection(ExtensibilityGlobals) = postSolution
		SolutionGuid = {100568D7-07B2-4CC5-A383-7D608ADEA880}
	EndGlobalSection
EndGlobal
